
Microsoft Visual Studio Solution File, Format Version 12.00
# Visual Studio Version 17
VisualStudioVersion = 17.13.35825.156 d17.13
MinimumVisualStudioVersion = 10.0.40219.1
Project("{FAE04EC0-301F-11D3-BF4B-00C04F79EFBC}") = "Movies.Api", "Movies.Api.csproj", "{3EF1D2FD-156F-45DA-AFDD-2A94D1DCB6D4}"
EndProject
Global
	GlobalSection(SolutionConfigurationPlatforms) = preSolution
		Debug|Any CPU = Debug|Any CPU
		Release|Any CPU = Release|Any CPU
	EndGlobalSection
	GlobalSection(ProjectConfigurationPlatforms) = postSolution
		{3EF1D2FD-156F-45DA-AFDD-2A94D1DCB6D4}.Debug|Any CPU.ActiveCfg = Debug|Any CPU
		{3EF1D2FD-156F-45DA-AFDD-2A94D1DCB6D4}.Debug|Any CPU.Build.0 = Debug|Any CPU
		{3EF1D2FD-156F-45DA-AFDD-2A94D1DCB6D4}.Release|Any CPU.ActiveCfg = Release|Any CPU
		{3EF1D2FD-156F-45DA-AFDD-2A94D1DCB6D4}.Release|Any CPU.Build.0 = Release|Any CPU
	EndGlobalSection
	GlobalSection(SolutionProperties) = preSolution
		HideSolutionNode = FALSE
	EndGlobalSection
	GlobalSection(ExtensibilityGlobals) = postSolution
		SolutionGuid = {B4C89001-D1E2-4863-9A65-CDC93E484734}
	EndGlobalSection
EndGlobal
